
Microsoft Visual Studio Solution File, Format Version 12.00
# Visual Studio Version 17
VisualStudioVersion = 17.2.32526.322
MinimumVisualStudioVersion = 10.0.40219.1
Project("{FAE04EC0-301F-11D3-BF4B-00C04F79EFBC}") = "Linq-exercises", "Linq-exercises\Linq-exercises.csproj", "{E53A1B0F-55F1-468D-814E-87A0E4D9B641}"
EndProject
Global
	GlobalSection(SolutionConfigurationPlatforms) = preSolution
		Debug|Any CPU = Debug|Any CPU
		Release|Any CPU = Release|Any CPU
	EndGlobalSection
	GlobalSection(ProjectConfigurationPlatforms) = postSolution
		{E53A1B0F-55F1-468D-814E-87A0E4D9B641}.Debug|Any CPU.ActiveCfg = Debug|Any CPU
		{E53A1B0F-55F1-468D-814E-87A0E4D9B641}.Debug|Any CPU.Build.0 = Debug|Any CPU
		{E53A1B0F-55F1-468D-814E-87A0E4D9B641}.Release|Any CPU.ActiveCfg = Release|Any CPU
		{E53A1B0F-55F1-468D-814E-87A0E4D9B641}.Release|Any CPU.Build.0 = Release|Any CPU
	EndGlobalSection
	GlobalSection(SolutionProperties) = preSolution
		HideSolutionNode = FALSE
	EndGlobalSection
	GlobalSection(ExtensibilityGlobals) = postSolution
		SolutionGuid = {ABAD4327-18F3-4F82-BBE2-410A99956549}
	EndGlobalSection
EndGlobal
